// !$*UTF8*$!
{
	archiveVersion = 1;
	classes = {
	};
	objectVersion = 50;
	objects = {

/* Begin PBXBuildFile section */
		0C2CE7CD25E645C600020AC8 /* AppDelegate.swift in Sources */ = {isa = PBXBuildFile; fileRef = 0C2CE7CC25E645C600020AC8 /* AppDelegate.swift */; };
		0C2CE7CF25E645C600020AC8 /* SceneDelegate.swift in Sources */ = {isa = PBXBuildFile; fileRef = 0C2CE7CE25E645C600020AC8 /* SceneDelegate.swift */; };
		0C2CE7D125E645C600020AC8 /* ViewController.swift in Sources */ = {isa = PBXBuildFile; fileRef = 0C2CE7D025E645C600020AC8 /* ViewController.swift */; };
		0C2CE7D425E645C600020AC8 /* Main.storyboard in Resources */ = {isa = PBXBuildFile; fileRef = 0C2CE7D225E645C600020AC8 /* Main.storyboard */; };
		0C2CE7D625E645C800020AC8 /* Assets.xcassets in Resources */ = {isa = PBXBuildFile; fileRef = 0C2CE7D525E645C800020AC8 /* Assets.xcassets */; };
		0C2CE7D925E645C800020AC8 /* LaunchScreen.storyboard in Resources */ = {isa = PBXBuildFile; fileRef = 0C2CE7D725E645C800020AC8 /* LaunchScreen.storyboard */; };
		0C2CE7E425E645C900020AC8 /* photoSearchTests.swift in Sources */ = {isa = PBXBuildFile; fileRef = 0C2CE7E325E645C900020AC8 /* photoSearchTests.swift */; };
		0C2CE7EF25E645C900020AC8 /* photoSearchUITests.swift in Sources */ = {isa = PBXBuildFile; fileRef = 0C2CE7EE25E645C900020AC8 /* photoSearchUITests.swift */; };
		0C2CE80025E6CEAE00020AC8 /* model.swift in Sources */ = {isa = PBXBuildFile; fileRef = 0C2CE7FF25E6CEAE00020AC8 /* model.swift */; };
		0CF0300125E75C98005815D0 /* ImageCollectionViewCell.swift in Sources */ = {isa = PBXBuildFile; fileRef = 0CF0300025E75C98005815D0 /* ImageCollectionViewCell.swift */; };
/* End PBXBuildFile section */

/* Begin PBXContainerItemProxy section */
		0C2CE7E025E645C900020AC8 /* PBXContainerItemProxy */ = {
			isa = PBXContainerItemProxy;
			containerPortal = 0C2CE7C125E645C600020AC8 /* Project object */;
			proxyType = 1;
			remoteGlobalIDString = 0C2CE7C825E645C600020AC8;
			remoteInfo = photoSearch;
		};
		0C2CE7EB25E645C900020AC8 /* PBXContainerItemProxy */ = {
			isa = PBXContainerItemProxy;
			containerPortal = 0C2CE7C125E645C600020AC8 /* Project object */;
			proxyType = 1;
			remoteGlobalIDString = 0C2CE7C825E645C600020AC8;
			remoteInfo = photoSearch;
		};
/* End PBXContainerItemProxy section */

/* Begin PBXFileReference section */
		0C2CE7C925E645C600020AC8 /* photoSearch.app */ = {isa = PBXFileReference; explicitFileType = wrapper.application; includeInIndex = 0; path = photoSearch.app; sourceTree = BUILT_PRODUCTS_DIR; };
		0C2CE7CC25E645C600020AC8 /* AppDelegate.swift */ = {isa = PBXFileReference; lastKnownFileType = sourcecode.swift; path = AppDelegate.swift; sourceTree = "<group>"; };
		0C2CE7CE25E645C600020AC8 /* SceneDelegate.swift */ = {isa = PBXFileReference; lastKnownFileType = sourcecode.swift; path = SceneDelegate.swift; sourceTree = "<group>"; };
		0C2CE7D025E645C600020AC8 /* ViewController.swift */ = {isa = PBXFileReference; lastKnownFileType = sourcecode.swift; path = ViewController.swift; sourceTree = "<group>"; };
		0C2CE7D325E645C600020AC8 /* Base */ = {isa = PBXFileReference; lastKnownFileType = file.storyboard; name = Base; path = Base.lproj/Main.storyboard; sourceTree = "<group>"; };
		0C2CE7D525E645C800020AC8 /* Assets.xcassets */ = {isa = PBXFileReference; lastKnownFileType = folder.assetcatalog; path = Assets.xcassets; sourceTree = "<group>"; };
		0C2CE7D825E645C800020AC8 /* Base */ = {isa = PBXFileReference; lastKnownFileType = file.storyboard; name = Base; path = Base.lproj/LaunchScreen.storyboard; sourceTree = "<group>"; };
		0C2CE7DA25E645C800020AC8 /* Info.plist */ = {isa = PBXFileReference; lastKnownFileType = text.plist.xml; path = Info.plist; sourceTree = "<group>"; };
		0C2CE7DF25E645C900020AC8 /* photoSearchTests.xctest */ = {isa = PBXFileReference; explicitFileType = wrapper.cfbundle; includeInIndex = 0; path = photoSearchTests.xctest; sourceTree = BUILT_PRODUCTS_DIR; };
		0C2CE7E325E645C900020AC8 /* photoSearchTests.swift */ = {isa = PBXFileReference; lastKnownFileType = sourcecode.swift; path = photoSearchTests.swift; sourceTree = "<group>"; };
		0C2CE7E525E645C900020AC8 /* Info.plist */ = {isa = PBXFileReference; lastKnownFileType = text.plist.xml; path = Info.plist; sourceTree = "<group>"; };
		0C2CE7EA25E645C900020AC8 /* photoSearchUITests.xctest */ = {isa = PBXFileReference; explicitFileType = wrapper.cfbundle; includeInIndex = 0; path = photoSearchUITests.xctest; sourceTree = BUILT_PRODUCTS_DIR; };
		0C2CE7EE25E645C900020AC8 /* photoSearchUITests.swift */ = {isa = PBXFileReference; lastKnownFileType = sourcecode.swift; path = photoSearchUITests.swift; sourceTree = "<group>"; };
		0C2CE7F025E645C900020AC8 /* Info.plist */ = {isa = PBXFileReference; lastKnownFileType = text.plist.xml; path = Info.plist; sourceTree = "<group>"; };
		0C2CE7FF25E6CEAE00020AC8 /* model.swift */ = {isa = PBXFileReference; lastKnownFileType = sourcecode.swift; path = model.swift; sourceTree = "<group>"; };
		0CF0300025E75C98005815D0 /* ImageCollectionViewCell.swift */ = {isa = PBXFileReference; lastKnownFileType = sourcecode.swift; path = ImageCollectionViewCell.swift; sourceTree = "<group>"; };
/* End PBXFileReference section */

/* Begin PBXFrameworksBuildPhase section */
		0C2CE7C625E645C600020AC8 /* Frameworks */ = {
			isa = PBXFrameworksBuildPhase;
			buildActionMask = 2147483647;
			files = (
			);
			runOnlyForDeploymentPostprocessing = 0;
		};
		0C2CE7DC25E645C900020AC8 /* Frameworks */ = {
			isa = PBXFrameworksBuildPhase;
			buildActionMask = 2147483647;
			files = (
			);
			runOnlyForDeploymentPostprocessing = 0;
		};
		0C2CE7E725E645C900020AC8 /* Frameworks */ = {
			isa = PBXFrameworksBuildPhase;
			buildActionMask = 2147483647;
			files = (
			);
			runOnlyForDeploymentPostprocessing = 0;
		};
/* End PBXFrameworksBuildPhase section */

/* Begin PBXGroup section */
		0C2CE7C025E645C600020AC8 = {
			isa = PBXGroup;
			children = (
				0C2CE7CB25E645C600020AC8 /* photoSearch */,
				0C2CE7E225E645C900020AC8 /* photoSearchTests */,
				0C2CE7ED25E645C900020AC8 /* photoSearchUITests */,
				0C2CE7CA25E645C600020AC8 /* Products */,
			);
			sourceTree = "<group>";
		};
		0C2CE7CA25E645C600020AC8 /* Products */ = {
			isa = PBXGroup;
			children = (
				0C2CE7C925E645C600020AC8 /* photoSearch.app */,
				0C2CE7DF25E645C900020AC8 /* photoSearchTests.xctest */,
				0C2CE7EA25E645C900020AC8 /* photoSearchUITests.xctest */,
			);
			name = Products;
			sourceTree = "<group>";
		};
		0C2CE7CB25E645C600020AC8 /* photoSearch */ = {
			isa = PBXGroup;
			children = (
				0C2CE7CC25E645C600020AC8 /* AppDelegate.swift */,
				0C2CE7CE25E645C600020AC8 /* SceneDelegate.swift */,
				0C2CE7D025E645C600020AC8 /* ViewController.swift */,
				0CF0300025E75C98005815D0 /* ImageCollectionViewCell.swift */,
				0C2CE7FF25E6CEAE00020AC8 /* model.swift */,
				0C2CE7D225E645C600020AC8 /* Main.storyboard */,
				0C2CE7D525E645C800020AC8 /* Assets.xcassets */,
				0C2CE7D725E645C800020AC8 /* LaunchScreen.storyboard */,
				0C2CE7DA25E645C800020AC8 /* Info.plist */,
			);
			path = photoSearch;
			sourceTree = "<group>";
		};
		0C2CE7E225E645C900020AC8 /* photoSearchTests */ = {
			isa = PBXGroup;
			children = (
				0C2CE7E325E645C900020AC8 /* photoSearchTests.swift */,
				0C2CE7E525E645C900020AC8 /* Info.plist */,
			);
			path = photoSearchTests;
			sourceTree = "<group>";
		};
		0C2CE7ED25E645C900020AC8 /* photoSearchUITests */ = {
			isa = PBXGroup;
			children = (
				0C2CE7EE25E645C900020AC8 /* photoSearchUITests.swift */,
				0C2CE7F025E645C900020AC8 /* Info.plist */,
			);
			path = photoSearchUITests;
			sourceTree = "<group>";
		};
/* End PBXGroup section */

/* Begin PBXNativeTarget section */
		0C2CE7C825E645C600020AC8 /* photoSearch */ = {
			isa = PBXNativeTarget;
			buildConfigurationList = 0C2CE7F325E645C900020AC8 /* Build configuration list for PBXNativeTarget "photoSearch" */;
			buildPhases = (
				0C2CE7C525E645C600020AC8 /* Sources */,
				0C2CE7C625E645C600020AC8 /* Frameworks */,
				0C2CE7C725E645C600020AC8 /* Resources */,
			);
			buildRules = (
			);
			dependencies = (
			);
			name = photoSearch;
			productName = photoSearch;
			productReference = 0C2CE7C925E645C600020AC8 /* photoSearch.app */;
			productType = "com.apple.product-type.application";
		};
		0C2CE7DE25E645C900020AC8 /* photoSearchTests */ = {
			isa = PBXNativeTarget;
			buildConfigurationList = 0C2CE7F625E645C900020AC8 /* Build configuration list for PBXNativeTarget "photoSearchTests" */;
			buildPhases = (
				0C2CE7DB25E645C900020AC8 /* Sources */,
				0C2CE7DC25E645C900020AC8 /* Frameworks */,
				0C2CE7DD25E645C900020AC8 /* Resources */,
			);
			buildRules = (
			);
			dependencies = (
				0C2CE7E125E645C900020AC8 /* PBXTargetDependency */,
			);
			name = photoSearchTests;
			productName = photoSearchTests;
			productReference = 0C2CE7DF25E645C900020AC8 /* photoSearchTests.xctest */;
			productType = "com.apple.product-type.bundle.unit-test";
		};
		0C2CE7E925E645C900020AC8 /* photoSearchUITests */ = {
			isa = PBXNativeTarget;
			buildConfigurationList = 0C2CE7F925E645C900020AC8 /* Build configuration list for PBXNativeTarget "photoSearchUITests" */;
			buildPhases = (
				0C2CE7E625E645C900020AC8 /* Sources */,
				0C2CE7E725E645C900020AC8 /* Frameworks */,
				0C2CE7E825E645C900020AC8 /* Resources */,
			);
			buildRules = (
			);
			dependencies = (
				0C2CE7EC25E645C900020AC8 /* PBXTargetDependency */,
			);
			name = photoSearchUITests;
			productName = photoSearchUITests;
			productReference = 0C2CE7EA25E645C900020AC8 /* photoSearchUITests.xctest */;
			productType = "com.apple.product-type.bundle.ui-testing";
		};
/* End PBXNativeTarget section */

/* Begin PBXProject section */
		0C2CE7C125E645C600020AC8 /* Project object */ = {
			isa = PBXProject;
			attributes = {
				LastSwiftUpdateCheck = 1200;
				LastUpgradeCheck = 1200;
				TargetAttributes = {
					0C2CE7C825E645C600020AC8 = {
						CreatedOnToolsVersion = 12.0.1;
					};
					0C2CE7DE25E645C900020AC8 = {
						CreatedOnToolsVersion = 12.0.1;
						TestTargetID = 0C2CE7C825E645C600020AC8;
					};
					0C2CE7E925E645C900020AC8 = {
						CreatedOnToolsVersion = 12.0.1;
						TestTargetID = 0C2CE7C825E645C600020AC8;
					};
				};
			};
			buildConfigurationList = 0C2CE7C425E645C600020AC8 /* Build configuration list for PBXProject "photoSearch" */;
			compatibilityVersion = "Xcode 9.3";
			developmentRegion = en;
			hasScannedForEncodings = 0;
			knownRegions = (
				en,
				Base,
			);
			mainGroup = 0C2CE7C025E645C600020AC8;
			productRefGroup = 0C2CE7CA25E645C600020AC8 /* Products */;
			projectDirPath = "";
			projectRoot = "";
			targets = (
				0C2CE7C825E645C600020AC8 /* photoSearch */,
				0C2CE7DE25E645C900020AC8 /* photoSearchTests */,
				0C2CE7E925E645C900020AC8 /* photoSearchUITests */,
			);
		};
/* End PBXProject section */

/* Begin PBXResourcesBuildPhase section */
		0C2CE7C725E645C600020AC8 /* Resources */ = {
			isa = PBXResourcesBuildPhase;
			buildActionMask = 2147483647;
			files = (
				0C2CE7D925E645C800020AC8 /* LaunchScreen.storyboard in Resources */,
				0C2CE7D625E645C800020AC8 /* Assets.xcassets in Resources */,
				0C2CE7D425E645C600020AC8 /* Main.storyboard in Resources */,
			);
			runOnlyForDeploymentPostprocessing = 0;
		};
		0C2CE7DD25E645C900020AC8 /* Resources */ = {
			isa = PBXResourcesBuildPhase;
			buildActionMask = 2147483647;
			files = (
			);
			runOnlyForDeploymentPostprocessing = 0;
		};
		0C2CE7E825E645C900020AC8 /* Resources */ = {
			isa = PBXResourcesBuildPhase;
			buildActionMask = 2147483647;
			files = (
			);
			runOnlyForDeploymentPostprocessing = 0;
		};
/* End PBXResourcesBuildPhase section */

/* Begin PBXSourcesBuildPhase section */
		0C2CE7C525E645C600020AC8 /* Sources */ = {
			isa = PBXSourcesBuildPhase;
			buildActionMask = 2147483647;
			files = (
				0C2CE7D125E645C600020AC8 /* ViewController.swift in Sources */,
				0CF0300125E75C98005815D0 /* ImageCollectionViewCell.swift in Sources */,
				0C2CE7CD25E645C600020AC8 /* AppDelegate.swift in Sources */,
				0C2CE7CF25E645C600020AC8 /* SceneDelegate.swift in Sources */,
				0C2CE80025E6CEAE00020AC8 /* model.swift in Sources */,
			);
			runOnlyForDeploymentPostprocessing = 0;
		};
		0C2CE7DB25E645C900020AC8 /* Sources */ = {
			isa = PBXSourcesBuildPhase;
			buildActionMask = 2147483647;
			files = (
				0C2CE7E425E645C900020AC8 /* photoSearchTests.swift in Sources */,
			);
			runOnlyForDeploymentPostprocessing = 0;
		};
		0C2CE7E625E645C900020AC8 /* Sources */ = {
			isa = PBXSourcesBuildPhase;
			buildActionMask = 2147483647;
			files = (
				0C2CE7EF25E645C900020AC8 /* photoSearchUITests.swift in Sources */,
			);
			runOnlyForDeploymentPostprocessing = 0;
		};
/* End PBXSourcesBuildPhase section */

/* Begin PBXTargetDependency section */
		0C2CE7E125E645C900020AC8 /* PBXTargetDependency */ = {
			isa = PBXTargetDependency;
			target = 0C2CE7C825E645C600020AC8 /* photoSearch */;
			targetProxy = 0C2CE7E025E645C900020AC8 /* PBXContainerItemProxy */;
		};
		0C2CE7EC25E645C900020AC8 /* PBXTargetDependency */ = {
			isa = PBXTargetDependency;
			target = 0C2CE7C825E645C600020AC8 /* photoSearch */;
			targetProxy = 0C2CE7EB25E645C900020AC8 /* PBXContainerItemProxy */;
		};
/* End PBXTargetDependency section */

/* Begin PBXVariantGroup section */
		0C2CE7D225E645C600020AC8 /* Main.storyboard */ = {
			isa = PBXVariantGroup;
			children = (
				0C2CE7D325E645C600020AC8 /* Base */,
			);
			name = Main.storyboard;
			sourceTree = "<group>";
		};
		0C2CE7D725E645C800020AC8 /* LaunchScreen.storyboard */ = {
			isa = PBXVariantGroup;
			children = (
				0C2CE7D825E645C800020AC8 /* Base */,
			);
			name = LaunchScreen.storyboard;
			sourceTree = "<group>";
		};
/* End PBXVariantGroup section */

/* Begin XCBuildConfiguration section */
		0C2CE7F125E645C900020AC8 /* Debug */ = {
			isa = XCBuildConfiguration;
			buildSettings = {
				ALWAYS_SEARCH_USER_PATHS = NO;
				CLANG_ANALYZER_NONNULL = YES;
				CLANG_ANALYZER_NUMBER_OBJECT_CONVERSION = YES_AGGRESSIVE;
				CLANG_CXX_LANGUAGE_STANDARD = "gnu++14";
				CLANG_CXX_LIBRARY = "libc++";
				CLANG_ENABLE_MODULES = YES;
				CLANG_ENABLE_OBJC_ARC = YES;
				CLANG_ENABLE_OBJC_WEAK = YES;
				CLANG_WARN_BLOCK_CAPTURE_AUTORELEASING = YES;
				CLANG_WARN_BOOL_CONVERSION = YES;
				CLANG_WARN_COMMA = YES;
				CLANG_WARN_CONSTANT_CONVERSION = YES;
				CLANG_WARN_DEPRECATED_OBJC_IMPLEMENTATIONS = YES;
				CLANG_WARN_DIRECT_OBJC_ISA_USAGE = YES_ERROR;
				CLANG_WARN_DOCUMENTATION_COMMENTS = YES;
				CLANG_WARN_EMPTY_BODY = YES;
				CLANG_WARN_ENUM_CONVERSION = YES;
				CLANG_WARN_INFINITE_RECURSION = YES;
				CLANG_WARN_INT_CONVERSION = YES;
				CLANG_WARN_NON_LITERAL_NULL_CONVERSION = YES;
				CLANG_WARN_OBJC_IMPLICIT_RETAIN_SELF = YES;
				CLANG_WARN_OBJC_LITERAL_CONVERSION = YES;
				CLANG_WARN_OBJC_ROOT_CLASS = YES_ERROR;
				CLANG_WARN_QUOTED_INCLUDE_IN_FRAMEWORK_HEADER = YES;
				CLANG_WARN_RANGE_LOOP_ANALYSIS = YES;
				CLANG_WARN_STRICT_PROTOTYPES = YES;
				CLANG_WARN_SUSPICIOUS_MOVE = YES;
				CLANG_WARN_UNGUARDED_AVAILABILITY = YES_AGGRESSIVE;
				CLANG_WARN_UNREACHABLE_CODE = YES;
				CLANG_WARN__DUPLICATE_METHOD_MATCH = YES;
				COPY_PHASE_STRIP = NO;
				DEBUG_INFORMATION_FORMAT = dwarf;
				ENABLE_STRICT_OBJC_MSGSEND = YES;
				ENABLE_TESTABILITY = YES;
				GCC_C_LANGUAGE_STANDARD = gnu11;
				GCC_DYNAMIC_NO_PIC = NO;
				GCC_NO_COMMON_BLOCKS = YES;
				GCC_OPTIMIZATION_LEVEL = 0;
				GCC_PREPROCESSOR_DEFINITIONS = (
					"DEBUG=1",
					"$(inherited)",
				);
				GCC_WARN_64_TO_32_BIT_CONVERSION = YES;
				GCC_WARN_ABOUT_RETURN_TYPE = YES_ERROR;
				GCC_WARN_UNDECLARED_SELECTOR = YES;
				GCC_WARN_UNINITIALIZED_AUTOS = YES_AGGRESSIVE;
				GCC_WARN_UNUSED_FUNCTION = YES;
				GCC_WARN_UNUSED_VARIABLE = YES;
				IPHONEOS_DEPLOYMENT_TARGET = 14.0;
				MTL_ENABLE_DEBUG_INFO = INCLUDE_SOURCE;
				MTL_FAST_MATH = YES;
				ONLY_ACTIVE_ARCH = YES;
				SDKROOT = iphoneos;
				SWIFT_ACTIVE_COMPILATION_CONDITIONS = DEBUG;
				SWIFT_OPTIMIZATION_LEVEL = "-Onone";
			};
			name = Debug;
		};
		0C2CE7F225E645C900020AC8 /* Release */ = {
			isa = XCBuildConfiguration;
			buildSettings = {
				ALWAYS_SEARCH_USER_PATHS = NO;
				CLANG_ANALYZER_NONNULL = YES;
				CLANG_ANALYZER_NUMBER_OBJECT_CONVERSION = YES_AGGRESSIVE;
				CLANG_CXX_LANGUAGE_STANDARD = "gnu++14";
				CLANG_CXX_LIBRARY = "libc++";
				CLANG_ENABLE_MODULES = YES;
				CLANG_ENABLE_OBJC_ARC = YES;
				CLANG_ENABLE_OBJC_WEAK = YES;
				CLANG_WARN_BLOCK_CAPTURE_AUTORELEASING = YES;
				CLANG_WARN_BOOL_CONVERSION = YES;
				CLANG_WARN_COMMA = YES;
				CLANG_WARN_CONSTANT_CONVERSION = YES;
				CLANG_WARN_DEPRECATED_OBJC_IMPLEMENTATIONS = YES;
				CLANG_WARN_DIRECT_OBJC_ISA_USAGE = YES_ERROR;
				CLANG_WARN_DOCUMENTATION_COMMENTS = YES;
				CLANG_WARN_EMPTY_BODY = YES;
				CLANG_WARN_ENUM_CONVERSION = YES;
				CLANG_WARN_INFINITE_RECURSION = YES;
				CLANG_WARN_INT_CONVERSION = YES;
				CLANG_WARN_NON_LITERAL_NULL_CONVERSION = YES;
				CLANG_WARN_OBJC_IMPLICIT_RETAIN_SELF = YES;
				CLANG_WARN_OBJC_LITERAL_CONVERSION = YES;
				CLANG_WARN_OBJC_ROOT_CLASS = YES_ERROR;
				CLANG_WARN_QUOTED_INCLUDE_IN_FRAMEWORK_HEADER = YES;
				CLANG_WARN_RANGE_LOOP_ANALYSIS = YES;
				CLANG_WARN_STRICT_PROTOTYPES = YES;
				CLANG_WARN_SUSPICIOUS_MOVE = YES;
				CLANG_WARN_UNGUARDED_AVAILABILITY = YES_AGGRESSIVE;
				CLANG_WARN_UNREACHABLE_CODE = YES;
				CLANG_WARN__DUPLICATE_METHOD_MATCH = YES;
				COPY_PHASE_STRIP = NO;
				DEBUG_INFORMATION_FORMAT = "dwarf-with-dsym";
				ENABLE_NS_ASSERTIONS = NO;
				ENABLE_STRICT_OBJC_MSGSEND = YES;
				GCC_C_LANGUAGE_STANDARD = gnu11;
				GCC_NO_COMMON_BLOCKS = YES;
				GCC_WARN_64_TO_32_BIT_CONVERSION = YES;
				GCC_WARN_ABOUT_RETURN_TYPE = YES_ERROR;
				GCC_WARN_UNDECLARED_SELECTOR = YES;
				GCC_WARN_UNINITIALIZED_AUTOS = YES_AGGRESSIVE;
				GCC_WARN_UNUSED_FUNCTION = YES;
				GCC_WARN_UNUSED_VARIABLE = YES;
				IPHONEOS_DEPLOYMENT_TARGET = 14.0;
				MTL_ENABLE_DEBUG_INFO = NO;
				MTL_FAST_MATH = YES;
				SDKROOT = iphoneos;
				SWIFT_COMPILATION_MODE = wholemodule;
				SWIFT_OPTIMIZATION_LEVEL = "-O";
				VALIDATE_PRODUCT = YES;
			};
			name = Release;
		};
		0C2CE7F425E645C900020AC8 /* Debug */ = {
			isa = XCBuildConfiguration;
			buildSettings = {
				ASSETCATALOG_COMPILER_APPICON_NAME = AppIcon;
				ASSETCATALOG_COMPILER_GLOBAL_ACCENT_COLOR_NAME = AccentColor;
				CODE_SIGN_STYLE = Automatic;
				DEVELOPMENT_TEAM = C7JHAVL8Y3;
				INFOPLIST_FILE = photoSearch/Info.plist;
				LD_RUNPATH_SEARCH_PATHS = (
					"$(inherited)",
					"@executable_path/Frameworks",
				);
				PRODUCT_BUNDLE_IDENTIFIER = Yoti.photoSearch;
				PRODUCT_NAME = "$(TARGET_NAME)";
				SWIFT_VERSION = 5.0;
				TARGETED_DEVICE_FAMILY = "1,2";
			};
			name = Debug;
		};
		0C2CE7F525E645C900020AC8 /* Release */ = {
			isa = XCBuildConfiguration;
			buildSettings = {
				ASSETCATALOG_COMPILER_APPICON_NAME = AppIcon;
				ASSETCATALOG_COMPILER_GLOBAL_ACCENT_COLOR_NAME = AccentColor;
				CODE_SIGN_STYLE = Automatic;
				DEVELOPMENT_TEAM = C7JHAVL8Y3;
				INFOPLIST_FILE = photoSearch/Info.plist;
				LD_RUNPATH_SEARCH_PATHS = (
					"$(inherited)",
					"@executable_path/Frameworks",
				);
				PRODUCT_BUNDLE_IDENTIFIER = Yoti.photoSearch;
				PRODUCT_NAME = "$(TARGET_NAME)";
				SWIFT_VERSION = 5.0;
				TARGETED_DEVICE_FAMILY = "1,2";
			};
			name = Release;
		};
		0C2CE7F725E645C900020AC8 /* Debug */ = {
			isa = XCBuildConfiguration;
			buildSettings = {
				ALWAYS_EMBED_SWIFT_STANDARD_LIBRARIES = YES;
				BUNDLE_LOADER = "$(TEST_HOST)";
				CODE_SIGN_STYLE = Automatic;
				DEVELOPMENT_TEAM = C7JHAVL8Y3;
				INFOPLIST_FILE = photoSearchTests/Info.plist;
				IPHONEOS_DEPLOYMENT_TARGET = 14.0;
				LD_RUNPATH_SEARCH_PATHS = (
					"$(inherited)",
					"@executable_path/Frameworks",
					"@loader_path/Frameworks",
				);
				PRODUCT_BUNDLE_IDENTIFIER = Yoti.photoSearchTests;
				PRODUCT_NAME = "$(TARGET_NAME)";
				SWIFT_VERSION = 5.0;
				TARGETED_DEVICE_FAMILY = "1,2";
				TEST_HOST = "$(BUILT_PRODUCTS_DIR)/photoSearch.app/photoSearch";
			};
			name = Debug;
		};
		0C2CE7F825E645C900020AC8 /* Release */ = {
			isa = XCBuildConfiguration;
			buildSettings = {
				ALWAYS_EMBED_SWIFT_STANDARD_LIBRARIES = YES;
				BUNDLE_LOADER = "$(TEST_HOST)";
				CODE_SIGN_STYLE = Automatic;
				DEVELOPMENT_TEAM = C7JHAVL8Y3;
				INFOPLIST_FILE = photoSearchTests/Info.plist;
				IPHONEOS_DEPLOYMENT_TARGET = 14.0;
				LD_RUNPATH_SEARCH_PATHS = (
					"$(inherited)",
					"@executable_path/Frameworks",
					"@loader_path/Frameworks",
				);
				PRODUCT_BUNDLE_IDENTIFIER = Yoti.photoSearchTests;
				PRODUCT_NAME = "$(TARGET_NAME)";
				SWIFT_VERSION = 5.0;
				TARGETED_DEVICE_FAMILY = "1,2";
				TEST_HOST = "$(BUILT_PRODUCTS_DIR)/photoSearch.app/photoSearch";
			};
			name = Release;
		};
		0C2CE7FA25E645C900020AC8 /* Debug */ = {
			isa = XCBuildConfiguration;
			buildSettings = {
				ALWAYS_EMBED_SWIFT_STANDARD_LIBRARIES = YES;
				CODE_SIGN_STYLE = Automatic;
				DEVELOPMENT_TEAM = C7JHAVL8Y3;
				INFOPLIST_FILE = photoSearchUITests/Info.plist;
				LD_RUNPATH_SEARCH_PATHS = (
					"$(inherited)",
					"@executable_path/Frameworks",
					"@loader_path/Frameworks",
				);
				PRODUCT_BUNDLE_IDENTIFIER = Yoti.photoSearchUITests;
				PRODUCT_NAME = "$(TARGET_NAME)";
				SWIFT_VERSION = 5.0;
				TARGETED_DEVICE_FAMILY = "1,2";
				TEST_TARGET_NAME = photoSearch;
			};
			name = Debug;
		};
		0C2CE7FB25E645C900020AC8 /* Release */ = {
			isa = XCBuildConfiguration;
			buildSettings = {
				ALWAYS_EMBED_SWIFT_STANDARD_LIBRARIES = YES;
				CODE_SIGN_STYLE = Automatic;
				DEVELOPMENT_TEAM = C7JHAVL8Y3;
				INFOPLIST_FILE = photoSearchUITests/Info.plist;
				LD_RUNPATH_SEARCH_PATHS = (
					"$(inherited)",
					"@executable_path/Frameworks",
					"@loader_path/Frameworks",
				);
				PRODUCT_BUNDLE_IDENTIFIER = Yoti.photoSearchUITests;
				PRODUCT_NAME = "$(TARGET_NAME)";
				SWIFT_VERSION = 5.0;
				TARGETED_DEVICE_FAMILY = "1,2";
				TEST_TARGET_NAME = photoSearch;
			};
			name = Release;
		};
/* End XCBuildConfiguration section */

/* Begin XCConfigurationList section */
		0C2CE7C425E645C600020AC8 /* Build configuration list for PBXProject "photoSearch" */ = {
			isa = XCConfigurationList;
			buildConfigurations = (
				0C2CE7F125E645C900020AC8 /* Debug */,
				0C2CE7F225E645C900020AC8 /* Release */,
			);
			defaultConfigurationIsVisible = 0;
			defaultConfigurationName = Release;
		};
		0C2CE7F325E645C900020AC8 /* Build configuration list for PBXNativeTarget "photoSearch" */ = {
			isa = XCConfigurationList;
			buildConfigurations = (
				0C2CE7F425E645C900020AC8 /* Debug */,
				0C2CE7F525E645C900020AC8 /* Release */,
			);
			defaultConfigurationIsVisible = 0;
			defaultConfigurationName = Release;
		};
		0C2CE7F625E645C900020AC8 /* Build configuration list for PBXNativeTarget "photoSearchTests" */ = {
			isa = XCConfigurationList;
			buildConfigurations = (
				0C2CE7F725E645C900020AC8 /* Debug */,
				0C2CE7F825E645C900020AC8 /* Release */,
			);
			defaultConfigurationIsVisible = 0;
			defaultConfigurationName = Release;
		};
		0C2CE7F925E645C900020AC8 /* Build configuration list for PBXNativeTarget "photoSearchUITests" */ = {
			isa = XCConfigurationList;
			buildConfigurations = (
				0C2CE7FA25E645C900020AC8 /* Debug */,
				0C2CE7FB25E645C900020AC8 /* Release */,
			);
			defaultConfigurationIsVisible = 0;
			defaultConfigurationName = Release;
		};
/* End XCConfigurationList section */
	};
	rootObject = 0C2CE7C125E645C600020AC8 /* Project object */;
}
